
Microsoft Visual Studio Solution File, Format Version 12.00
# Visual Studio 15
VisualStudioVersion = 15.0.27703.2047
MinimumVisualStudioVersion = 10.0.40219.1
Project("{FAE04EC0-301F-11D3-BF4B-00C04F79EFBC}") = "dicePercent", "dicePercent\dicePercent.csproj", "{08C1B4A7-9DF6-41E5-BE03-3BF67CE02A23}"
EndProject
Global
	GlobalSection(SolutionConfigurationPlatforms) = preSolution
		Debug|Any CPU = Debug|Any CPU
		Release|Any CPU = Release|Any CPU
	EndGlobalSection
	GlobalSection(ProjectConfigurationPlatforms) = postSolution
		{08C1B4A7-9DF6-41E5-BE03-3BF67CE02A23}.Debug|Any CPU.ActiveCfg = Debug|Any CPU
		{08C1B4A7-9DF6-41E5-BE03-3BF67CE02A23}.Debug|Any CPU.Build.0 = Debug|Any CPU
		{08C1B4A7-9DF6-41E5-BE03-3BF67CE02A23}.Release|Any CPU.ActiveCfg = Release|Any CPU
		{08C1B4A7-9DF6-41E5-BE03-3BF67CE02A23}.Release|Any CPU.Build.0 = Release|Any CPU
	EndGlobalSection
	GlobalSection(SolutionProperties) = preSolution
		HideSolutionNode = FALSE
	EndGlobalSection
	GlobalSection(ExtensibilityGlobals) = postSolution
		SolutionGuid = {DD8BEF11-E463-4C2C-A2CE-3AF7EEAE972A}
	EndGlobalSection
EndGlobal
